<?xml version="1.0" encoding="utf-8"?>
<Project ToolsVersion="4.0" xmlns="http://schemas.microsoft.com/developer/msbuild/2003">
  <ItemGroup>
    <Filter Include="源文件">
      <UniqueIdentifier>{4FC737F1-C7A5-4376-A066-2A32D752A2FF}</UniqueIdentifier>
      <Extensions>cpp;c;cc;cxx;def;odl;idl;hpj;bat;asm;asmx</Extensions>
    </Filter>
    <Filter Include="头文件">
      <UniqueIdentifier>{93995380-89BD-4b04-88EB-625FBE52EBFB}</UniqueIdentifier>
      <Extensions>h;hh;hpp;hxx;hm;inl;inc;xsd</Extensions>
    </Filter>
    <Filter Include="资源文件">
      <UniqueIdentifier>{67DA6AB6-F800-4c08-8B7A-83BB121AAD01}</UniqueIdentifier>
      <Extensions>rc;ico;cur;bmp;dlg;rc2;rct;bin;rgs;gif;jpg;jpeg;jpe;resx;tiff;tif;png;wav;mfcribbon-ms</Extensions>
    </Filter>
    <Filter Include="TinyXML">
      <UniqueIdentifier>{69dc7960-7c71-4b23-ac35-af83ecf848b7}</UniqueIdentifier>
    </Filter>
    <Filter Include="YufeiBasic">
      <UniqueIdentifier>{82a19e97-2e51-4f70-9c52-ee07774cc2cf}</UniqueIdentifier>
    </Filter>
    <Filter Include="Project28Basic">
      <UniqueIdentifier>{f5e1cf53-cc78-42d2-9d27-948d6c44641a}</UniqueIdentifier>
    </Filter>
  </ItemGroup>
  <ItemGroup>
    <ClCompile Include="Main.cpp">
      <Filter>源文件</Filter>
    </ClCompile>
    <ClCompile Include="tinyxml2\tinyxml2.cpp">
      <Filter>TinyXML</Filter>
    </ClCompile>
    <ClCompile Include="Card.cpp">
      <Filter>Project28Basic</Filter>
    </ClCompile>
    <ClCompile Include="Global.cpp">
      <Filter>头文件</Filter>
    </ClCompile>
  </ItemGroup>
  <ItemGroup>
    <ClInclude Include="tinyxml2\tinyxml2.h">
      <Filter>TinyXML</Filter>
    </ClInclude>
    <ClInclude Include="LibraryManager.h">
      <Filter>头文件</Filter>
    </ClInclude>
    <ClInclude Include="Dictionary.h">
      <Filter>YufeiBasic</Filter>
    </ClInclude>
    <ClInclude Include="List.h">
      <Filter>YufeiBasic</Filter>
    </ClInclude>
    <ClInclude Include="Vector3.h">
      <Filter>YufeiBasic</Filter>
    </ClInclude>
    <ClInclude Include="Parameter.h">
      <Filter>YufeiBasic</Filter>
    </ClInclude>
    <ClInclude Include="Vector2Int.h">
      <Filter>YufeiBasic</Filter>
    </ClInclude>
    <ClInclude Include="Card.h">
      <Filter>Project28Basic</Filter>
    </ClInclude>
    <ClInclude Include="ChessBoard.h">
      <Filter>Project28Basic</Filter>
    </ClInclude>
    <ClInclude Include="Effect.h">
      <Filter>Project28Basic</Filter>
    </ClInclude>
    <ClInclude Include="Range.h">
      <Filter>Project28Basic</Filter>
    </ClInclude>
    <ClInclude Include="Unit.h">
      <Filter>Project28Basic</Filter>
    </ClInclude>
    <ClInclude Include="Project28Basic.h">
      <Filter>头文件</Filter>
    </ClInclude>
    <ClInclude Include="YufeiBasic.h">
      <Filter>头文件</Filter>
    </ClInclude>
    <ClInclude Include="PieceStatusInfo.h">
      <Filter>Project28Basic</Filter>
    </ClInclude>
    <ClInclude Include="PiecePedestalInfo.h">
      <Filter>Project28Basic</Filter>
    </ClInclude>
    <ClInclude Include="PieceInstance.h">
      <Filter>Project28Basic</Filter>
    </ClInclude>
    <ClInclude Include="OperationBase.h">
      <Filter>Project28Basic</Filter>
    </ClInclude>
    <ClInclude Include="Weapon.h">
      <Filter>Project28Basic</Filter>
    </ClInclude>
    <ClInclude Include="Global.h">
      <Filter>头文件</Filter>
    </ClInclude>
    <ClInclude Include="GameContext.h">
      <Filter>头文件</Filter>
    </ClInclude>
    <ClInclude Include="ParameterDictionary.h">
      <Filter>YufeiBasic</Filter>
    </ClInclude>
    <ClInclude Include="EffectLoader.h">
      <Filter>Project28Basic</Filter>
    </ClInclude>
  </ItemGroup>
</Project>